
Microsoft Visual Studio Solution File, Format Version 12.00
# Visual Studio Version 16
VisualStudioVersion = 16.0.30011.22
MinimumVisualStudioVersion = 10.0.40219.1
Project("{FAE04EC0-301F-11D3-BF4B-00C04F79EFBC}") = "BuscaNFe", "BuscaNFe\BuscaNFe.csproj", "{7771645E-F76A-4811-AD10-307F6A6727E1}"
EndProject
Global
	GlobalSection(SolutionConfigurationPlatforms) = preSolution
		Debug|Any CPU = Debug|Any CPU
		Release|Any CPU = Release|Any CPU
	EndGlobalSection
	GlobalSection(ProjectConfigurationPlatforms) = postSolution
		{7771645E-F76A-4811-AD10-307F6A6727E1}.Debug|Any CPU.ActiveCfg = Debug|Any CPU
		{7771645E-F76A-4811-AD10-307F6A6727E1}.Debug|Any CPU.Build.0 = Debug|Any CPU
		{7771645E-F76A-4811-AD10-307F6A6727E1}.Release|Any CPU.ActiveCfg = Release|Any CPU
		{7771645E-F76A-4811-AD10-307F6A6727E1}.Release|Any CPU.Build.0 = Release|Any CPU
	EndGlobalSection
	GlobalSection(SolutionProperties) = preSolution
		HideSolutionNode = FALSE
	EndGlobalSection
	GlobalSection(ExtensibilityGlobals) = postSolution
		SolutionGuid = {D9BF5159-CF08-4645-A7C5-334F6F22C279}
	EndGlobalSection
EndGlobal
